version: 5
environments:
  build:
    channels:
    - url: https://conda.anaconda.org/conda-forge/
    indexes:
    - https://pypi.org/simple
    packages:
      win-64:
      - conda: https://conda.anaconda.org/conda-forge/win-64/bzip2-1.0.8-h2466b09_7.conda
      - conda: https://conda.anaconda.org/conda-forge/win-64/ca-certificates-2024.8.30-h56e8100_0.conda
      - conda: https://conda.anaconda.org/conda-forge/win-64/libexpat-2.6.4-he0c23c2_0.conda
      - conda: https://conda.anaconda.org/conda-forge/win-64/libffi-3.4.2-h8ffe710_5.tar.bz2
      - conda: https://conda.anaconda.org/conda-forge/win-64/libsqlite-3.47.0-h2466b09_1.conda
      - conda: https://conda.anaconda.org/conda-forge/win-64/libzlib-1.3.1-h2466b09_2.conda
      - conda: https://conda.anaconda.org/conda-forge/win-64/openssl-3.4.0-h2466b09_0.conda
      - conda: https://conda.anaconda.org/conda-forge/noarch/pip-24.3.1-pyh8b19718_0.conda
      - conda: https://conda.anaconda.org/conda-forge/win-64/python-3.12.7-hce54a09_0_cpython.conda
      - conda: https://conda.anaconda.org/conda-forge/noarch/setuptools-75.3.0-pyhd8ed1ab_0.conda
      - conda: https://conda.anaconda.org/conda-forge/win-64/tk-8.6.13-h5226925_1.conda
      - conda: https://conda.anaconda.org/conda-forge/noarch/tzdata-2024b-hc8b5060_0.conda
      - conda: https://conda.anaconda.org/conda-forge/win-64/ucrt-10.0.22621.0-h57928b3_1.conda
      - conda: https://conda.anaconda.org/conda-forge/win-64/vc-14.3-ha32ba9b_22.conda
      - conda: https://conda.anaconda.org/conda-forge/win-64/vc14_runtime-14.40.33810-hcc2c482_22.conda
      - conda: https://conda.anaconda.org/conda-forge/win-64/vs2015_runtime-14.40.33810-h3bf8584_22.conda
      - conda: https://conda.anaconda.org/conda-forge/noarch/wheel-0.45.0-pyhd8ed1ab_0.conda
      - conda: https://conda.anaconda.org/conda-forge/win-64/xz-5.2.6-h8d14728_0.tar.bz2
      - pypi: https://files.pythonhosted.org/packages/ad/9e/f0beffe45b507dca9d7540fad42b316b2fd1076dc484c9b1f23d9da570d7/autopep8-2.3.1-py2.py3-none-any.whl
      - pypi: https://files.pythonhosted.org/packages/d1/d6/3965ed04c63042e047cb6a3e6ed1a63a35087b6a609aa3a15ed8ac56c221/colorama-0.4.6-py2.py3-none-any.whl
      - pypi: https://files.pythonhosted.org/packages/49/71/b035eb67bb2a16064ebc926c1a0e9bf36c7933f9058091d540e118d554f1/Nuitka-2.4.11.tar.gz
      - pypi: https://files.pythonhosted.org/packages/a6/84/fa11dad3404b7634aaab50733581ce11e5350383311ea7a7010f464c0170/numpy-2.1.3-cp312-cp312-win_amd64.whl
      - pypi: https://files.pythonhosted.org/packages/a7/9e/7110d2c5d543ab03b9581dbb1f8e2429863e44e0c9b4960b766f230c1279/opencv_contrib_python-4.10.0.84-cp37-abi3-win_amd64.whl
      - pypi: https://files.pythonhosted.org/packages/ec/6c/fab8113424af5049f85717e8e527ca3773299a3c6b02506e66436e19874f/opencv_python-4.10.0.84-cp37-abi3-win_amd64.whl
      - pypi: https://files.pythonhosted.org/packages/33/55/af02708f230eb77084a299d7b08175cff006dea4f2721074b92cdb0296c0/ordered_set-4.1.0-py3-none-any.whl
      - pypi: https://files.pythonhosted.org/packages/57/97/73f756c338c1d86bb802ee88c3cab015ad7ce4b838f8a24f16b676b1ac7c/pillow-11.0.0-cp312-cp312-win_amd64.whl
      - pypi: https://files.pythonhosted.org/packages/3a/d8/a211b3f85e99a0daa2ddec96c949cac6824bd305b040571b82a03dd62636/pycodestyle-2.12.1-py2.py3-none-any.whl
      - pypi: https://files.pythonhosted.org/packages/74/ab/df8d889fd01139db68ae9e5cb5c8f0ea016823559a6ecb427582d52b07dc/qrcode-8.0-py3-none-any.whl
      - pypi: https://files.pythonhosted.org/packages/75/37/872d74bd7739639c4553bf94c84af7d54d8211b626b352bc57f0fd8d1e3f/zstandard-0.23.0-cp312-cp312-win_amd64.whl
  default:
    channels:
    - url: https://conda.anaconda.org/conda-forge/
    indexes:
    - https://pypi.org/simple
    packages:
      win-64:
      - conda: https://conda.anaconda.org/conda-forge/win-64/bzip2-1.0.8-h2466b09_7.conda
      - conda: https://conda.anaconda.org/conda-forge/win-64/ca-certificates-2024.8.30-h56e8100_0.conda
      - conda: https://conda.anaconda.org/conda-forge/win-64/libexpat-2.6.4-he0c23c2_0.conda
      - conda: https://conda.anaconda.org/conda-forge/win-64/libffi-3.4.2-h8ffe710_5.tar.bz2
      - conda: https://conda.anaconda.org/conda-forge/win-64/libmpdec-4.0.0-h2466b09_0.conda
      - conda: https://conda.anaconda.org/conda-forge/win-64/libsqlite-3.47.0-h2466b09_1.conda
      - conda: https://conda.anaconda.org/conda-forge/win-64/libzlib-1.3.1-h2466b09_2.conda
      - conda: https://conda.anaconda.org/conda-forge/win-64/openssl-3.3.2-h2466b09_0.conda
      - conda: https://conda.anaconda.org/conda-forge/noarch/pip-24.3.1-pyh145f28c_0.conda
      - conda: https://conda.anaconda.org/conda-forge/win-64/python-3.13.0-hf5aa216_100_cp313.conda
      - conda: https://conda.anaconda.org/conda-forge/win-64/python_abi-3.13-5_cp313.conda
      - conda: https://conda.anaconda.org/conda-forge/win-64/tk-8.6.13-h5226925_1.conda
      - conda: https://conda.anaconda.org/conda-forge/noarch/tzdata-2024b-hc8b5060_0.conda
      - conda: https://conda.anaconda.org/conda-forge/win-64/ucrt-10.0.22621.0-h57928b3_1.conda
      - conda: https://conda.anaconda.org/conda-forge/win-64/vc-14.3-ha32ba9b_22.conda
      - conda: https://conda.anaconda.org/conda-forge/win-64/vc14_runtime-14.40.33810-hcc2c482_22.conda
      - conda: https://conda.anaconda.org/conda-forge/win-64/vs2015_runtime-14.40.33810-h3bf8584_22.conda
      - conda: https://conda.anaconda.org/conda-forge/win-64/xz-5.2.6-h8d14728_0.tar.bz2
      - pypi: https://files.pythonhosted.org/packages/ad/9e/f0beffe45b507dca9d7540fad42b316b2fd1076dc484c9b1f23d9da570d7/autopep8-2.3.1-py2.py3-none-any.whl
      - pypi: https://files.pythonhosted.org/packages/d1/d6/3965ed04c63042e047cb6a3e6ed1a63a35087b6a609aa3a15ed8ac56c221/colorama-0.4.6-py2.py3-none-any.whl
      - pypi: https://files.pythonhosted.org/packages/bb/f9/12297ed8d8301a401e7d8eb6b418d32547f1d700ed3c038d325a605421a4/numpy-2.1.3-cp313-cp313-win_amd64.whl
      - pypi: https://files.pythonhosted.org/packages/a7/9e/7110d2c5d543ab03b9581dbb1f8e2429863e44e0c9b4960b766f230c1279/opencv_contrib_python-4.10.0.84-cp37-abi3-win_amd64.whl
      - pypi: https://files.pythonhosted.org/packages/ec/6c/fab8113424af5049f85717e8e527ca3773299a3c6b02506e66436e19874f/opencv_python-4.10.0.84-cp37-abi3-win_amd64.whl
      - pypi: https://files.pythonhosted.org/packages/fb/01/3755ba287dac715e6afdb333cb1f6d69740a7475220b4637b5ce3d78cec2/pillow-11.0.0-cp313-cp313-win_amd64.whl
      - pypi: https://files.pythonhosted.org/packages/3a/d8/a211b3f85e99a0daa2ddec96c949cac6824bd305b040571b82a03dd62636/pycodestyle-2.12.1-py2.py3-none-any.whl
      - pypi: https://files.pythonhosted.org/packages/74/ab/df8d889fd01139db68ae9e5cb5c8f0ea016823559a6ecb427582d52b07dc/qrcode-8.0-py3-none-any.whl
packages:
- kind: pypi
  name: autopep8
  version: 2.3.1
  url: https://files.pythonhosted.org/packages/ad/9e/f0beffe45b507dca9d7540fad42b316b2fd1076dc484c9b1f23d9da570d7/autopep8-2.3.1-py2.py3-none-any.whl
  sha256: a203fe0fcad7939987422140ab17a930f684763bf7335bdb6709991dd7ef6c2d
  requires_dist:
  - pycodestyle>=2.12.0
  - tomli ; python_full_version < '3.11'
  requires_python: '>=3.8'
- kind: conda
  name: bzip2
  version: 1.0.8
  build: h2466b09_7
  build_number: 7
  subdir: win-64
  url: https://conda.anaconda.org/conda-forge/win-64/bzip2-1.0.8-h2466b09_7.conda
  sha256: 35a5dad92e88fdd7fc405e864ec239486f4f31eec229e31686e61a140a8e573b
  md5: 276e7ffe9ffe39688abc665ef0f45596
  depends:
  - ucrt >=10.0.20348.0
  - vc >=14.2,<15
  - vc14_runtime >=14.29.30139
  license: bzip2-1.0.6
  license_family: BSD
  purls: []
  size: 54927
  timestamp: 1720974860185
- kind: conda
  name: ca-certificates
  version: 2024.8.30
  build: h56e8100_0
  subdir: win-64
  url: https://conda.anaconda.org/conda-forge/win-64/ca-certificates-2024.8.30-h56e8100_0.conda
  sha256: 0fcac3a7ffcc556649e034a1802aedf795e64227eaa7194d207b01eaf26454c4
  md5: 4c4fd67c18619be5aa65dc5b6c72e490
  license: ISC
  purls: []
  size: 158773
  timestamp: 1725019107649
- kind: pypi
  name: colorama
  version: 0.4.6
  url: https://files.pythonhosted.org/packages/d1/d6/3965ed04c63042e047cb6a3e6ed1a63a35087b6a609aa3a15ed8ac56c221/colorama-0.4.6-py2.py3-none-any.whl
  sha256: 4f1d9991f5acc0ca119f9d443620b77f9d6b33703e51011c16baf57afb285fc6
  requires_python: '!=3.0.*,!=3.1.*,!=3.2.*,!=3.3.*,!=3.4.*,!=3.5.*,!=3.6.*,>=2.7'
- kind: conda
  name: libexpat
  version: 2.6.4
  build: he0c23c2_0
  subdir: win-64
  url: https://conda.anaconda.org/conda-forge/win-64/libexpat-2.6.4-he0c23c2_0.conda
  sha256: 0c0447bf20d1013d5603499de93a16b6faa92d7ead870d96305c0f065b6a5a12
  md5: eb383771c680aa792feb529eaf9df82f
  depends:
  - ucrt >=10.0.20348.0
  - vc >=14.2,<15
  - vc14_runtime >=14.29.30139
  constrains:
  - expat 2.6.4.*
  license: MIT
  license_family: MIT
  purls: []
  size: 139068
  timestamp: 1730967442102
- kind: conda
  name: libffi
  version: 3.4.2
  build: h8ffe710_5
  build_number: 5
  subdir: win-64
  url: https://conda.anaconda.org/conda-forge/win-64/libffi-3.4.2-h8ffe710_5.tar.bz2
  sha256: 1951ab740f80660e9bc07d2ed3aefb874d78c107264fd810f24a1a6211d4b1a5
  md5: 2c96d1b6915b408893f9472569dee135
  depends:
  - vc >=14.1,<15.0a0
  - vs2015_runtime >=14.16.27012
  license: MIT
  license_family: MIT
  purls: []
  size: 42063
  timestamp: 1636489106777
- kind: conda
  name: libmpdec
  version: 4.0.0
  build: h2466b09_0
  subdir: win-64
  url: https://conda.anaconda.org/conda-forge/win-64/libmpdec-4.0.0-h2466b09_0.conda
  sha256: fc529fc82c7caf51202cc5cec5bb1c2e8d90edbac6d0a4602c966366efe3c7bf
  md5: 74860100b2029e2523cf480804c76b9b
  depends:
  - ucrt >=10.0.20348.0
  - vc >=14.2,<15
  - vc14_runtime >=14.29.30139
  license: BSD-2-Clause
  license_family: BSD
  purls: []
  size: 88657
  timestamp: 1723861474602
- kind: conda
  name: libsqlite
  version: 3.47.0
  build: h2466b09_1
  build_number: 1
  subdir: win-64
  url: https://conda.anaconda.org/conda-forge/win-64/libsqlite-3.47.0-h2466b09_1.conda
  sha256: 3342d6fe787f5830f7e8466d9c65c914bfd8d67220fb5673041b338cbba47afe
  md5: 5b1f36012cc3d09c4eb9f24ad0e2c379
  depends:
  - ucrt >=10.0.20348.0
  - vc >=14.2,<15
  - vc14_runtime >=14.29.30139
  license: Unlicense
  purls: []
  size: 892175
  timestamp: 1730208431651
- kind: conda
  name: libzlib
  version: 1.3.1
  build: h2466b09_2
  build_number: 2
  subdir: win-64
  url: https://conda.anaconda.org/conda-forge/win-64/libzlib-1.3.1-h2466b09_2.conda
  sha256: ba945c6493449bed0e6e29883c4943817f7c79cbff52b83360f7b341277c6402
  md5: 41fbfac52c601159df6c01f875de31b9
  depends:
  - ucrt >=10.0.20348.0
  - vc >=14.2,<15
  - vc14_runtime >=14.29.30139
  constrains:
  - zlib 1.3.1 *_2
  license: Zlib
  license_family: Other
  purls: []
  size: 55476
  timestamp: 1727963768015
- kind: pypi
  name: nuitka
  version: 2.4.11
  url: https://files.pythonhosted.org/packages/49/71/b035eb67bb2a16064ebc926c1a0e9bf36c7933f9058091d540e118d554f1/Nuitka-2.4.11.tar.gz
  sha256: f2499361b09727cd2e96307106ed88d67cef09d527ff1857bfec8c2d1c9ff38a
  requires_dist:
  - ordered-set>=4.1.0
  - zstandard>=0.15
- kind: pypi
  name: numpy
  version: 2.1.3
  url: https://files.pythonhosted.org/packages/a6/84/fa11dad3404b7634aaab50733581ce11e5350383311ea7a7010f464c0170/numpy-2.1.3-cp312-cp312-win_amd64.whl
  sha256: 0d30c543f02e84e92c4b1f415b7c6b5326cbe45ee7882b6b77db7195fb971e3a
  requires_python: '>=3.10'
- kind: pypi
  name: numpy
  version: 2.1.3
  url: https://files.pythonhosted.org/packages/bb/f9/12297ed8d8301a401e7d8eb6b418d32547f1d700ed3c038d325a605421a4/numpy-2.1.3-cp313-cp313-win_amd64.whl
  sha256: 747641635d3d44bcb380d950679462fae44f54b131be347d5ec2bce47d3df9ed
  requires_python: '>=3.10'
- kind: pypi
  name: opencv-contrib-python
  version: 4.10.0.84
  url: https://files.pythonhosted.org/packages/a7/9e/7110d2c5d543ab03b9581dbb1f8e2429863e44e0c9b4960b766f230c1279/opencv_contrib_python-4.10.0.84-cp37-abi3-win_amd64.whl
  sha256: 47ec3160dae75f70e099b286d1a2e086d20dac8b06e759f60eaf867e6bdecba7
  requires_dist:
  - numpy>=1.13.3 ; python_full_version < '3.7'
  - numpy>=1.21.0 ; python_full_version < '3.10' and platform_machine == 'arm64' and platform_system == 'Darwin'
  - numpy>=1.21.2 ; python_full_version >= '3.10'
  - numpy>=1.21.4 ; python_full_version >= '3.10' and platform_system == 'Darwin'
  - numpy>=1.23.5 ; python_full_version >= '3.11'
  - numpy>=1.26.0 ; python_full_version >= '3.12'
  - numpy>=1.19.3 ; python_full_version >= '3.6' and platform_machine == 'aarch64' and platform_system == 'Linux'
  - numpy>=1.17.0 ; python_full_version >= '3.7'
  - numpy>=1.17.3 ; python_full_version >= '3.8'
  - numpy>=1.19.3 ; python_full_version >= '3.9'
  requires_python: '>=3.6'
- kind: pypi
  name: opencv-python
  version: 4.10.0.84
  url: https://files.pythonhosted.org/packages/ec/6c/fab8113424af5049f85717e8e527ca3773299a3c6b02506e66436e19874f/opencv_python-4.10.0.84-cp37-abi3-win_amd64.whl
  sha256: 32dbbd94c26f611dc5cc6979e6b7aa1f55a64d6b463cc1dcd3c95505a63e48fe
  requires_dist:
  - numpy>=1.13.3 ; python_full_version < '3.7'
  - numpy>=1.21.0 ; python_full_version < '3.10' and platform_machine == 'arm64' and platform_system == 'Darwin'
  - numpy>=1.21.2 ; python_full_version >= '3.10'
  - numpy>=1.21.4 ; python_full_version >= '3.10' and platform_system == 'Darwin'
  - numpy>=1.23.5 ; python_full_version >= '3.11'
  - numpy>=1.26.0 ; python_full_version >= '3.12'
  - numpy>=1.19.3 ; python_full_version >= '3.6' and platform_machine == 'aarch64' and platform_system == 'Linux'
  - numpy>=1.17.0 ; python_full_version >= '3.7'
  - numpy>=1.17.3 ; python_full_version >= '3.8'
  - numpy>=1.19.3 ; python_full_version >= '3.9'
  requires_python: '>=3.6'
- kind: conda
  name: openssl
  version: 3.3.2
  build: h2466b09_0
  subdir: win-64
  url: https://conda.anaconda.org/conda-forge/win-64/openssl-3.3.2-h2466b09_0.conda
  sha256: a45c42f3577294e22ac39ddb6ef5a64fd5322e8a6725afefbf4f2b4109340bf9
  md5: 1dc86753693df5e3326bb8a85b74c589
  depends:
  - ca-certificates
  - ucrt >=10.0.20348.0
  - vc >=14.2,<15
  - vc14_runtime >=14.29.30139
  license: Apache-2.0
  license_family: Apache
  purls: []
  size: 8396053
  timestamp: 1725412961673
- kind: conda
  name: openssl
  version: 3.4.0
  build: h2466b09_0
  subdir: win-64
  url: https://conda.anaconda.org/conda-forge/win-64/openssl-3.4.0-h2466b09_0.conda
  sha256: e03045a0837e01ff5c75e9273a572553e7522290799807f918c917a9826a6484
  md5: d0d805d9b5524a14efb51b3bff965e83
  depends:
  - ca-certificates
  - ucrt >=10.0.20348.0
  - vc >=14.2,<15
  - vc14_runtime >=14.29.30139
  license: Apache-2.0
  license_family: Apache
  purls: []
  size: 8491156
  timestamp: 1731379715927
- kind: pypi
  name: ordered-set
  version: 4.1.0
  url: https://files.pythonhosted.org/packages/33/55/af02708f230eb77084a299d7b08175cff006dea4f2721074b92cdb0296c0/ordered_set-4.1.0-py3-none-any.whl
  sha256: 046e1132c71fcf3330438a539928932caf51ddbc582496833e23de611de14562
  requires_dist:
  - pytest ; extra == 'dev'
  - black ; extra == 'dev'
  - mypy ; extra == 'dev'
  requires_python: '>=3.7'
- kind: pypi
  name: pillow
  version: 11.0.0
  url: https://files.pythonhosted.org/packages/57/97/73f756c338c1d86bb802ee88c3cab015ad7ce4b838f8a24f16b676b1ac7c/pillow-11.0.0-cp312-cp312-win_amd64.whl
  sha256: 8ec4a89295cd6cd4d1058a5e6aec6bf51e0eaaf9714774e1bfac7cfc9051db47
  requires_dist:
  - furo ; extra == 'docs'
  - olefile ; extra == 'docs'
  - sphinx>=8.1 ; extra == 'docs'
  - sphinx-copybutton ; extra == 'docs'
  - sphinx-inline-tabs ; extra == 'docs'
  - sphinxext-opengraph ; extra == 'docs'
  - olefile ; extra == 'fpx'
  - olefile ; extra == 'mic'
  - check-manifest ; extra == 'tests'
  - coverage ; extra == 'tests'
  - defusedxml ; extra == 'tests'
  - markdown2 ; extra == 'tests'
  - olefile ; extra == 'tests'
  - packaging ; extra == 'tests'
  - pyroma ; extra == 'tests'
  - pytest ; extra == 'tests'
  - pytest-cov ; extra == 'tests'
  - pytest-timeout ; extra == 'tests'
  - typing-extensions ; python_full_version < '3.10' and extra == 'typing'
  - defusedxml ; extra == 'xmp'
  requires_python: '>=3.9'
- kind: pypi
  name: pillow
  version: 11.0.0
  url: https://files.pythonhosted.org/packages/fb/01/3755ba287dac715e6afdb333cb1f6d69740a7475220b4637b5ce3d78cec2/pillow-11.0.0-cp313-cp313-win_amd64.whl
  sha256: 8ba470552b48e5835f1d23ecb936bb7f71d206f9dfeee64245f30c3270b994de
  requires_dist:
  - furo ; extra == 'docs'
  - olefile ; extra == 'docs'
  - sphinx>=8.1 ; extra == 'docs'
  - sphinx-copybutton ; extra == 'docs'
  - sphinx-inline-tabs ; extra == 'docs'
  - sphinxext-opengraph ; extra == 'docs'
  - olefile ; extra == 'fpx'
  - olefile ; extra == 'mic'
  - check-manifest ; extra == 'tests'
  - coverage ; extra == 'tests'
  - defusedxml ; extra == 'tests'
  - markdown2 ; extra == 'tests'
  - olefile ; extra == 'tests'
  - packaging ; extra == 'tests'
  - pyroma ; extra == 'tests'
  - pytest ; extra == 'tests'
  - pytest-cov ; extra == 'tests'
  - pytest-timeout ; extra == 'tests'
  - typing-extensions ; python_full_version < '3.10' and extra == 'typing'
  - defusedxml ; extra == 'xmp'
  requires_python: '>=3.9'
- kind: conda
  name: pip
  version: 24.3.1
  build: pyh145f28c_0
  subdir: noarch
  noarch: python
  url: https://conda.anaconda.org/conda-forge/noarch/pip-24.3.1-pyh145f28c_0.conda
  sha256: fc305cfe1ad0d51c61dd42a33cf27e03a075992fd0070c173d7cad86c1a48f13
  md5: ca3afe2d7b893a8c8cdf489d30a2b1a3
  depends:
  - python >=3.13.0a0
  license: MIT
  license_family: MIT
  purls:
  - pkg:pypi/pip?source=hash-mapping
  size: 1241228
  timestamp: 1730203795175
- kind: conda
  name: pip
  version: 24.3.1
  build: pyh8b19718_0
  subdir: noarch
  noarch: python
  url: https://conda.anaconda.org/conda-forge/noarch/pip-24.3.1-pyh8b19718_0.conda
  sha256: 499313e72e20225f84c2e9690bbaf5b952c8d7e0bf34b728278538f766b81628
  md5: 5dd546fe99b44fda83963d15f84263b7
  depends:
  - python >=3.8,<3.13.0a0
  - setuptools
  - wheel
  license: MIT
  license_family: MIT
  purls:
  - pkg:pypi/pip?source=hash-mapping
  size: 1243168
  timestamp: 1730203795600
- kind: pypi
  name: pycodestyle
  version: 2.12.1
  url: https://files.pythonhosted.org/packages/3a/d8/a211b3f85e99a0daa2ddec96c949cac6824bd305b040571b82a03dd62636/pycodestyle-2.12.1-py2.py3-none-any.whl
  sha256: 46f0fb92069a7c28ab7bb558f05bfc0110dac69a0cd23c61ea0040283a9d78b3
  requires_python: '>=3.8'
- kind: conda
  name: python
  version: 3.12.7
  build: hce54a09_0_cpython
  subdir: win-64
  url: https://conda.anaconda.org/conda-forge/win-64/python-3.12.7-hce54a09_0_cpython.conda
  sha256: 2308cfa9ec563360d29ced7fd13a6b60b9a7b3cf8961a95c78c69f486211d018
  md5: 21f1f7c6ccf6b747c5086d2422c230e1
  depends:
  - bzip2 >=1.0.8,<2.0a0
  - libexpat >=2.6.3,<3.0a0
  - libffi >=3.4,<4.0a0
  - libsqlite >=3.46.1,<4.0a0
  - libzlib >=1.3.1,<2.0a0
  - openssl >=3.3.2,<4.0a0
  - tk >=8.6.13,<8.7.0a0
  - tzdata
  - ucrt >=10.0.20348.0
  - vc >=14.2,<15
  - vc14_runtime >=14.29.30139
  - xz >=5.2.6,<6.0a0
  constrains:
  - python_abi 3.12.* *_cp312
  license: Python-2.0
  purls: []
  size: 15987537
  timestamp: 1728057382072
- kind: conda
  name: python
  version: 3.13.0
  build: hf5aa216_100_cp313
  build_number: 100
  subdir: win-64
  url: https://conda.anaconda.org/conda-forge/win-64/python-3.13.0-hf5aa216_100_cp313.conda
  sha256: 18f3f0bd514c9101d38d57835b2d027958f3ae4b3b65c22d187a857aa26b3a08
  md5: 3c2f7ad3f598480fe2a09e4e33cb1a2a
  depends:
  - bzip2 >=1.0.8,<2.0a0
  - libexpat >=2.6.3,<3.0a0
  - libffi >=3.4,<4.0a0
  - libmpdec >=4.0.0,<5.0a0
  - libsqlite >=3.46.1,<4.0a0
  - libzlib >=1.3.1,<2.0a0
  - openssl >=3.3.2,<4.0a0
  - python_abi 3.13.* *_cp313
  - tk >=8.6.13,<8.7.0a0
  - tzdata
  - ucrt >=10.0.20348.0
  - vc >=14.2,<15
  - vc14_runtime >=14.29.30139
  - xz >=5.2.6,<6.0a0
  license: Python-2.0
  purls: []
  size: 16641177
  timestamp: 1728417810202
- kind: conda
  name: python_abi
  version: '3.13'
  build: 5_cp313
  build_number: 5
  subdir: win-64
  url: https://conda.anaconda.org/conda-forge/win-64/python_abi-3.13-5_cp313.conda
  sha256: 0c12cc1b84962444002c699ed21e815fb9f686f950d734332a1b74d07db97756
  md5: 44b4fe6f22b57103afb2299935c8b68e
  constrains:
  - python 3.13.* *_cp313
  license: BSD-3-Clause
  license_family: BSD
  purls: []
  size: 6716
  timestamp: 1723823166911
- kind: pypi
  name: qrcode
  version: '8.0'
  url: https://files.pythonhosted.org/packages/74/ab/df8d889fd01139db68ae9e5cb5c8f0ea016823559a6ecb427582d52b07dc/qrcode-8.0-py3-none-any.whl
  sha256: 9fc05f03305ad27a709eb742cf3097fa19e6f6f93bb9e2f039c0979190f6f1b1
  requires_dist:
  - colorama ; sys_platform == 'win32'
  - pillow>=9.1.0 ; extra == 'all' or extra == 'pil'
  - pypng ; extra == 'all' or extra == 'png'
  requires_python: '>=3.9,<4.0'
- kind: conda
  name: setuptools
  version: 75.3.0
  build: pyhd8ed1ab_0
  subdir: noarch
  noarch: python
  url: https://conda.anaconda.org/conda-forge/noarch/setuptools-75.3.0-pyhd8ed1ab_0.conda
  sha256: a36d020b9f32fc3f1a6488a1c4a9c13988c6468faf6895bf30ca69521a61230e
  md5: 2ce9825396daf72baabaade36cee16da
  depends:
  - python >=3.8
  license: MIT
  license_family: MIT
  purls:
  - pkg:pypi/setuptools?source=hash-mapping
  size: 779561
  timestamp: 1730382173961
- kind: conda
  name: tk
  version: 8.6.13
  build: h5226925_1
  build_number: 1
  subdir: win-64
  url: https://conda.anaconda.org/conda-forge/win-64/tk-8.6.13-h5226925_1.conda
  sha256: 2c4e914f521ccb2718946645108c9bd3fc3216ba69aea20c2c3cedbd8db32bb1
  md5: fc048363eb8f03cd1737600a5d08aafe
  depends:
  - ucrt >=10.0.20348.0
  - vc >=14.2,<15
  - vc14_runtime >=14.29.30139
  license: TCL
  license_family: BSD
  purls: []
  size: 3503410
  timestamp: 1699202577803
- kind: conda
  name: tzdata
  version: 2024b
  build: hc8b5060_0
  subdir: noarch
  noarch: generic
  url: https://conda.anaconda.org/conda-forge/noarch/tzdata-2024b-hc8b5060_0.conda
  sha256: 4fde5c3008bf5d2db82f2b50204464314cc3c91c1d953652f7bd01d9e52aefdf
  md5: 8ac3367aafb1cc0a068483c580af8015
  license: LicenseRef-Public-Domain
  purls: []
  size: 122354
  timestamp: 1728047496079
- kind: conda
  name: ucrt
  version: 10.0.22621.0
  build: h57928b3_1
  build_number: 1
  subdir: win-64
  url: https://conda.anaconda.org/conda-forge/win-64/ucrt-10.0.22621.0-h57928b3_1.conda
  sha256: db8dead3dd30fb1a032737554ce91e2819b43496a0db09927edf01c32b577450
  md5: 6797b005cd0f439c4c5c9ac565783700
  constrains:
  - vs2015_runtime >=14.29.30037
  license: LicenseRef-MicrosoftWindowsSDK10
  purls: []
  size: 559710
  timestamp: 1728377334097
- kind: conda
  name: vc
  version: '14.3'
  build: ha32ba9b_22
  build_number: 22
  subdir: win-64
  url: https://conda.anaconda.org/conda-forge/win-64/vc-14.3-ha32ba9b_22.conda
  sha256: 2a47c5bd8bec045959afada7063feacd074ad66b170c1ea92dd139b389fcf8fd
  md5: 311c9ba1dfdd2895a8cb08346ff26259
  depends:
  - vc14_runtime >=14.38.33135
  track_features:
  - vc14
  license: BSD-3-Clause
  license_family: BSD
  purls: []
  size: 17447
  timestamp: 1728400826998
- kind: conda
  name: vc14_runtime
  version: 14.40.33810
  build: hcc2c482_22
  build_number: 22
  subdir: win-64
  url: https://conda.anaconda.org/conda-forge/win-64/vc14_runtime-14.40.33810-hcc2c482_22.conda
  sha256: 4c669c65007f88a7cdd560192f7e6d5679d191ac71610db724e18b2410964d64
  md5: ce23a4b980ee0556a118ed96550ff3f3
  depends:
  - ucrt >=10.0.20348.0
  constrains:
  - vs2015_runtime 14.40.33810.* *_22
  license: LicenseRef-MicrosoftVisualCpp2015-2022Runtime
  license_family: Proprietary
  purls: []
  size: 750719
  timestamp: 1728401055788
- kind: conda
  name: vs2015_runtime
  version: 14.40.33810
  build: h3bf8584_22
  build_number: 22
  subdir: win-64
  url: https://conda.anaconda.org/conda-forge/win-64/vs2015_runtime-14.40.33810-h3bf8584_22.conda
  sha256: 80aa9932203d65a96f817b8be4fafc176fb2b3fe6cf6899ede678b8f0317fbff
  md5: 8c6b061d44cafdfc8e8c6eb5f100caf0
  depends:
  - vc14_runtime >=14.40.33810
  license: BSD-3-Clause
  license_family: BSD
  purls: []
  size: 17453
  timestamp: 1728400827536
- kind: conda
  name: wheel
  version: 0.45.0
  build: pyhd8ed1ab_0
  subdir: noarch
  noarch: python
  url: https://conda.anaconda.org/conda-forge/noarch/wheel-0.45.0-pyhd8ed1ab_0.conda
  sha256: 8a51067f8e1a2cb0b5e89672dbcc0369e344a92e869c38b2946584aa09ab7088
  md5: f9751d7c71df27b2d29f5cab3378982e
  depends:
  - python >=3.8
  license: MIT
  license_family: MIT
  purls:
  - pkg:pypi/wheel?source=hash-mapping
  size: 62755
  timestamp: 1731120002488
- kind: conda
  name: xz
  version: 5.2.6
  build: h8d14728_0
  subdir: win-64
  url: https://conda.anaconda.org/conda-forge/win-64/xz-5.2.6-h8d14728_0.tar.bz2
  sha256: 54d9778f75a02723784dc63aff4126ff6e6749ba21d11a6d03c1f4775f269fe0
  md5: 515d77642eaa3639413c6b1bc3f94219
  depends:
  - vc >=14.1,<15
  - vs2015_runtime >=14.16.27033
  license: LGPL-2.1 and GPL-2.0
  purls: []
  size: 217804
  timestamp: 1660346976440
- kind: pypi
  name: zstandard
  version: 0.23.0
  url: https://files.pythonhosted.org/packages/75/37/872d74bd7739639c4553bf94c84af7d54d8211b626b352bc57f0fd8d1e3f/zstandard-0.23.0-cp312-cp312-win_amd64.whl
  sha256: 64585e1dba664dc67c7cdabd56c1e5685233fbb1fc1966cfba2a340ec0dfff7b
  requires_dist:
  - cffi>=1.11 ; platform_python_implementation == 'PyPy'
  - cffi>=1.11 ; extra == 'cffi'
  requires_python: '>=3.8'
